
Microsoft Visual Studio Solution File, Format Version 12.00
# Visual Studio Version 17
VisualStudioVersion = 17.4.33403.182
MinimumVisualStudioVersion = 10.0.40219.1
Project("{9A19103F-16F7-4668-BE54-9A1E7A4F7556}") = "BackgroundServiceSampleAspDotnetCore", "BackgroundServiceSampleAspDotnetCore\BackgroundServiceSampleAspDotnetCore.csproj", "{60673913-DDA7-48BC-898F-27C4524824BF}"
EndProject
Project("{9A19103F-16F7-4668-BE54-9A1E7A4F7556}") = "BackgroundServiceSampleWeb", "BackgroundServiceSampleWeb\BackgroundServiceSampleWeb.csproj", "{4D368C45-AE26-4F44-91EB-A6C604D1C73A}"
EndProject
Project("{FAE04EC0-301F-11D3-BF4B-00C04F79EFBC}") = "SampleWorkerService", "SampleWorkerService\SampleWorkerService.csproj", "{16A37BC3-C359-4DA1-835C-95882DA25A20}"
EndProject
Global
	GlobalSection(SolutionConfigurationPlatforms) = preSolution
		Debug|Any CPU = Debug|Any CPU
		Release|Any CPU = Release|Any CPU
	EndGlobalSection
	GlobalSection(ProjectConfigurationPlatforms) = postSolution
		{60673913-DDA7-48BC-898F-27C4524824BF}.Debug|Any CPU.ActiveCfg = Debug|Any CPU
		{60673913-DDA7-48BC-898F-27C4524824BF}.Debug|Any CPU.Build.0 = Debug|Any CPU
		{60673913-DDA7-48BC-898F-27C4524824BF}.Release|Any CPU.ActiveCfg = Release|Any CPU
		{60673913-DDA7-48BC-898F-27C4524824BF}.Release|Any CPU.Build.0 = Release|Any CPU
		{4D368C45-AE26-4F44-91EB-A6C604D1C73A}.Debug|Any CPU.ActiveCfg = Debug|Any CPU
		{4D368C45-AE26-4F44-91EB-A6C604D1C73A}.Debug|Any CPU.Build.0 = Debug|Any CPU
		{4D368C45-AE26-4F44-91EB-A6C604D1C73A}.Release|Any CPU.ActiveCfg = Release|Any CPU
		{4D368C45-AE26-4F44-91EB-A6C604D1C73A}.Release|Any CPU.Build.0 = Release|Any CPU
		{16A37BC3-C359-4DA1-835C-95882DA25A20}.Debug|Any CPU.ActiveCfg = Debug|Any CPU
		{16A37BC3-C359-4DA1-835C-95882DA25A20}.Debug|Any CPU.Build.0 = Debug|Any CPU
		{16A37BC3-C359-4DA1-835C-95882DA25A20}.Release|Any CPU.ActiveCfg = Release|Any CPU
		{16A37BC3-C359-4DA1-835C-95882DA25A20}.Release|Any CPU.Build.0 = Release|Any CPU
	EndGlobalSection
	GlobalSection(SolutionProperties) = preSolution
		HideSolutionNode = FALSE
	EndGlobalSection
	GlobalSection(ExtensibilityGlobals) = postSolution
		SolutionGuid = {5D6ECBBD-AAE4-4AB3-9910-6490CCADE0FE}
	EndGlobalSection
EndGlobal
